// !$*UTF8*$!
{
	archiveVersion = 1;
	classes = {
	};
	objectVersion = 48;
	objects = {

/* Begin PBXBuildFile section */
		6FDBEE551FB6994D00F6C38C /* AppDelegate.swift in Sources */ = {isa = PBXBuildFile; fileRef = 6FDBEE541FB6994D00F6C38C /* AppDelegate.swift */; };
		6FDBEE571FB6994D00F6C38C /* ViewController.swift in Sources */ = {isa = PBXBuildFile; fileRef = 6FDBEE561FB6994D00F6C38C /* ViewController.swift */; };
		6FDBEE5C1FB6994D00F6C38C /* Assets.xcassets in Resources */ = {isa = PBXBuildFile; fileRef = 6FDBEE5B1FB6994D00F6C38C /* Assets.xcassets */; };
		6FDBEE5F1FB6994D00F6C38C /* LaunchScreen.storyboard in Resources */ = {isa = PBXBuildFile; fileRef = 6FDBEE5D1FB6994D00F6C38C /* LaunchScreen.storyboard */; };
		6FDBEE691FB69A0200F6C38C /* ha.storyboard in Resources */ = {isa = PBXBuildFile; fileRef = 6FDBEE681FB69A0200F6C38C /* ha.storyboard */; };
		6FDBEE6B1FB69A3000F6C38C /* jungsoo.storyboard in Resources */ = {isa = PBXBuildFile; fileRef = 6FDBEE6A1FB69A3000F6C38C /* jungsoo.storyboard */; };
		6FE15DBD1FB69C3F0064FCCB /* ys.storyboard in Resources */ = {isa = PBXBuildFile; fileRef = 6FE15DBC1FB69C3F0064FCCB /* ys.storyboard */; };
		6FE15DBF1FB6A0DA0064FCCB /* VoteResultController.swift in Sources */ = {isa = PBXBuildFile; fileRef = 6FE15DBE1FB6A0DA0064FCCB /* VoteResultController.swift */; };
		6FE15DC11FB6A1390064FCCB /* MakeVoteViewContoller.swift in Sources */ = {isa = PBXBuildFile; fileRef = 6FE15DC01FB6A1390064FCCB /* MakeVoteViewContoller.swift */; };
		6FE15DC31FB6A2000064FCCB /* VoteListController.swift in Sources */ = {isa = PBXBuildFile; fileRef = 6FE15DC21FB6A2000064FCCB /* VoteListController.swift */; };
		AC7479901FB6ABE200C04BDE /* MainMasterViewController.swift in Sources */ = {isa = PBXBuildFile; fileRef = AC74798F1FB6ABE200C04BDE /* MainMasterViewController.swift */; };
		AC7479921FB6AC4300C04BDE /* MainCellViewControllerTableViewCell.swift in Sources */ = {isa = PBXBuildFile; fileRef = AC7479911FB6AC4300C04BDE /* MainCellViewControllerTableViewCell.swift */; };
		AC972BDA1FB6D86900979B4A /* VoteListCell.swift in Sources */ = {isa = PBXBuildFile; fileRef = AC972BD91FB6D86900979B4A /* VoteListCell.swift */; };
		D86826B64EEBB40020A828D8 /* Pods_MiniVote.framework in Frameworks */ = {isa = PBXBuildFile; fileRef = 1E77B23D46DF0EBEA2F6BDEE /* Pods_MiniVote.framework */; };
		F975FA0D1FBC571400F7EC41 /* MakeCustomCell.swift in Sources */ = {isa = PBXBuildFile; fileRef = F975FA0C1FBC571400F7EC41 /* MakeCustomCell.swift */; };
		F97C91791FBDA8AB00E1ACFE /* MakeVoteModel.swift in Sources */ = {isa = PBXBuildFile; fileRef = F97C91781FBDA8AB00E1ACFE /* MakeVoteModel.swift */; };
		F9BB15161FBAFDF5007064DE /* js.storyboard in Resources */ = {isa = PBXBuildFile; fileRef = F9BB15151FBAFDF5007064DE /* js.storyboard */; };
		F9BB15181FBAFE02007064DE /* MakeController.swift in Sources */ = {isa = PBXBuildFile; fileRef = F9BB15171FBAFE02007064DE /* MakeController.swift */; };
/* End PBXBuildFile section */

/* Begin PBXFileReference section */
		1E77B23D46DF0EBEA2F6BDEE /* Pods_MiniVote.framework */ = {isa = PBXFileReference; explicitFileType = wrapper.framework; includeInIndex = 0; path = Pods_MiniVote.framework; sourceTree = BUILT_PRODUCTS_DIR; };
		2C84871AF709733B5C79514D /* Pods-MiniVote.release.xcconfig */ = {isa = PBXFileReference; includeInIndex = 1; lastKnownFileType = text.xcconfig; name = "Pods-MiniVote.release.xcconfig"; path = "Pods/Target Support Files/Pods-MiniVote/Pods-MiniVote.release.xcconfig"; sourceTree = "<group>"; };
		6FDBEE511FB6994D00F6C38C /* MiniVote.app */ = {isa = PBXFileReference; explicitFileType = wrapper.application; includeInIndex = 0; path = MiniVote.app; sourceTree = BUILT_PRODUCTS_DIR; };
		6FDBEE541FB6994D00F6C38C /* AppDelegate.swift */ = {isa = PBXFileReference; lastKnownFileType = sourcecode.swift; path = AppDelegate.swift; sourceTree = "<group>"; };
		6FDBEE561FB6994D00F6C38C /* ViewController.swift */ = {isa = PBXFileReference; lastKnownFileType = sourcecode.swift; path = ViewController.swift; sourceTree = "<group>"; };
		6FDBEE5B1FB6994D00F6C38C /* Assets.xcassets */ = {isa = PBXFileReference; lastKnownFileType = folder.assetcatalog; path = Assets.xcassets; sourceTree = "<group>"; };
		6FDBEE5E1FB6994D00F6C38C /* Base */ = {isa = PBXFileReference; lastKnownFileType = file.storyboard; name = Base; path = Base.lproj/LaunchScreen.storyboard; sourceTree = "<group>"; };
		6FDBEE601FB6994D00F6C38C /* Info.plist */ = {isa = PBXFileReference; lastKnownFileType = text.plist.xml; path = Info.plist; sourceTree = "<group>"; };
		6FDBEE681FB69A0200F6C38C /* ha.storyboard */ = {isa = PBXFileReference; lastKnownFileType = file.storyboard; path = ha.storyboard; sourceTree = "<group>"; };
		6FDBEE6A1FB69A3000F6C38C /* jungsoo.storyboard */ = {isa = PBXFileReference; lastKnownFileType = file.storyboard; path = jungsoo.storyboard; sourceTree = "<group>"; };
		6FE15DBC1FB69C3F0064FCCB /* ys.storyboard */ = {isa = PBXFileReference; lastKnownFileType = file.storyboard; path = ys.storyboard; sourceTree = "<group>"; };
		6FE15DBE1FB6A0DA0064FCCB /* VoteResultController.swift */ = {isa = PBXFileReference; lastKnownFileType = sourcecode.swift; path = VoteResultController.swift; sourceTree = "<group>"; };
		6FE15DC01FB6A1390064FCCB /* MakeVoteViewContoller.swift */ = {isa = PBXFileReference; lastKnownFileType = sourcecode.swift; path = MakeVoteViewContoller.swift; sourceTree = "<group>"; };
		6FE15DC21FB6A2000064FCCB /* VoteListController.swift */ = {isa = PBXFileReference; lastKnownFileType = sourcecode.swift; path = VoteListController.swift; sourceTree = "<group>"; };
		AC74798F1FB6ABE200C04BDE /* MainMasterViewController.swift */ = {isa = PBXFileReference; lastKnownFileType = sourcecode.swift; path = MainMasterViewController.swift; sourceTree = "<group>"; };
		AC7479911FB6AC4300C04BDE /* MainCellViewControllerTableViewCell.swift */ = {isa = PBXFileReference; lastKnownFileType = sourcecode.swift; path = MainCellViewControllerTableViewCell.swift; sourceTree = "<group>"; };
		AC972BD91FB6D86900979B4A /* VoteListCell.swift */ = {isa = PBXFileReference; lastKnownFileType = sourcecode.swift; path = VoteListCell.swift; sourceTree = "<group>"; };
		F68BFD4FADBE4A96B5FD0A60 /* Pods-MiniVote.debug.xcconfig */ = {isa = PBXFileReference; includeInIndex = 1; lastKnownFileType = text.xcconfig; name = "Pods-MiniVote.debug.xcconfig"; path = "Pods/Target Support Files/Pods-MiniVote/Pods-MiniVote.debug.xcconfig"; sourceTree = "<group>"; };
		F975FA0C1FBC571400F7EC41 /* MakeCustomCell.swift */ = {isa = PBXFileReference; lastKnownFileType = sourcecode.swift; path = MakeCustomCell.swift; sourceTree = "<group>"; };
		F97C91781FBDA8AB00E1ACFE /* MakeVoteModel.swift */ = {isa = PBXFileReference; lastKnownFileType = sourcecode.swift; path = MakeVoteModel.swift; sourceTree = "<group>"; };
		F9BB15151FBAFDF5007064DE /* js.storyboard */ = {isa = PBXFileReference; fileEncoding = 4; lastKnownFileType = file.storyboard; path = js.storyboard; sourceTree = "<group>"; };
		F9BB15171FBAFE02007064DE /* MakeController.swift */ = {isa = PBXFileReference; fileEncoding = 4; lastKnownFileType = sourcecode.swift; path = MakeController.swift; sourceTree = "<group>"; };
/* End PBXFileReference section */

/* Begin PBXFrameworksBuildPhase section */
		6FDBEE4E1FB6994D00F6C38C /* Frameworks */ = {
			isa = PBXFrameworksBuildPhase;
			buildActionMask = 2147483647;
			files = (
				D86826B64EEBB40020A828D8 /* Pods_MiniVote.framework in Frameworks */,
			);
			runOnlyForDeploymentPostprocessing = 0;
		};
/* End PBXFrameworksBuildPhase section */

/* Begin PBXGroup section */
		3B124B12EB1100DBBD9AF7A3 /* Frameworks */ = {
			isa = PBXGroup;
			children = (
				1E77B23D46DF0EBEA2F6BDEE /* Pods_MiniVote.framework */,
			);
			name = Frameworks;
			sourceTree = "<group>";
		};
		496CD4C3AE5EAEA92C94814E /* Pods */ = {
			isa = PBXGroup;
			children = (
				F68BFD4FADBE4A96B5FD0A60 /* Pods-MiniVote.debug.xcconfig */,
				2C84871AF709733B5C79514D /* Pods-MiniVote.release.xcconfig */,
			);
			name = Pods;
			sourceTree = "<group>";
		};
		6FDBEE481FB6994C00F6C38C = {
			isa = PBXGroup;
			children = (
				6FDBEE531FB6994D00F6C38C /* MiniVote */,
				6FDBEE521FB6994D00F6C38C /* Products */,
				496CD4C3AE5EAEA92C94814E /* Pods */,
				3B124B12EB1100DBBD9AF7A3 /* Frameworks */,
			);
			sourceTree = "<group>";
		};
		6FDBEE521FB6994D00F6C38C /* Products */ = {
			isa = PBXGroup;
			children = (
				6FDBEE511FB6994D00F6C38C /* MiniVote.app */,
			);
			name = Products;
			sourceTree = "<group>";
		};
		6FDBEE531FB6994D00F6C38C /* MiniVote */ = {
			isa = PBXGroup;
			children = (
				F975FA0B1FBC56D500F7EC41 /* js */,
				6FDBEE541FB6994D00F6C38C /* AppDelegate.swift */,
				6FDBEE561FB6994D00F6C38C /* ViewController.swift */,
				6FDBEE5B1FB6994D00F6C38C /* Assets.xcassets */,
				6FDBEE5D1FB6994D00F6C38C /* LaunchScreen.storyboard */,
				6FDBEE601FB6994D00F6C38C /* Info.plist */,
				6FDBEE681FB69A0200F6C38C /* ha.storyboard */,
				AC7479911FB6AC4300C04BDE /* MainCellViewControllerTableViewCell.swift */,
				AC74798F1FB6ABE200C04BDE /* MainMasterViewController.swift */,
				AC972BD91FB6D86900979B4A /* VoteListCell.swift */,
				6FDBEE6A1FB69A3000F6C38C /* jungsoo.storyboard */,
				6FE15DBC1FB69C3F0064FCCB /* ys.storyboard */,
				6FE15DBE1FB6A0DA0064FCCB /* VoteResultController.swift */,
				6FE15DC01FB6A1390064FCCB /* MakeVoteViewContoller.swift */,
				6FE15DC21FB6A2000064FCCB /* VoteListController.swift */,
			);
			path = MiniVote;
			sourceTree = "<group>";
		};
		F975FA0B1FBC56D500F7EC41 /* js */ = {
			isa = PBXGroup;
			children = (
				F9BB15171FBAFE02007064DE /* MakeController.swift */,
				F975FA0C1FBC571400F7EC41 /* MakeCustomCell.swift */,
				F97C91781FBDA8AB00E1ACFE /* MakeVoteModel.swift */,
				F9BB15151FBAFDF5007064DE /* js.storyboard */,
			);
			path = js;
			sourceTree = "<group>";
		};
/* End PBXGroup section */

/* Begin PBXNativeTarget section */
		6FDBEE501FB6994D00F6C38C /* MiniVote */ = {
			isa = PBXNativeTarget;
			buildConfigurationList = 6FDBEE631FB6994D00F6C38C /* Build configuration list for PBXNativeTarget "MiniVote" */;
			buildPhases = (
				BBBD4C470A4E50B91A55AE5C /* [CP] Check Pods Manifest.lock */,
				6FDBEE4D1FB6994D00F6C38C /* Sources */,
				6FDBEE4E1FB6994D00F6C38C /* Frameworks */,
				6FDBEE4F1FB6994D00F6C38C /* Resources */,
				00141A453385D35C3BBE969A /* [CP] Embed Pods Frameworks */,
				8CA90E3FF67047AD925CDBD4 /* [CP] Copy Pods Resources */,
			);
			buildRules = (
			);
			dependencies = (
			);
			name = MiniVote;
			productName = MiniVote;
			productReference = 6FDBEE511FB6994D00F6C38C /* MiniVote.app */;
			productType = "com.apple.product-type.application";
		};
/* End PBXNativeTarget section */

/* Begin PBXProject section */
		6FDBEE491FB6994C00F6C38C /* Project object */ = {
			isa = PBXProject;
			attributes = {
				LastSwiftUpdateCheck = 0910;
				LastUpgradeCheck = 0910;
				ORGANIZATIONNAME = YoungsooHan;
				TargetAttributes = {
					6FDBEE501FB6994D00F6C38C = {
						CreatedOnToolsVersion = 9.1;
						ProvisioningStyle = Automatic;
					};
				};
			};
			buildConfigurationList = 6FDBEE4C1FB6994C00F6C38C /* Build configuration list for PBXProject "MiniVote" */;
			compatibilityVersion = "Xcode 8.0";
			developmentRegion = en;
			hasScannedForEncodings = 0;
			knownRegions = (
				en,
				Base,
			);
			mainGroup = 6FDBEE481FB6994C00F6C38C;
			productRefGroup = 6FDBEE521FB6994D00F6C38C /* Products */;
			projectDirPath = "";
			projectRoot = "";
			targets = (
				6FDBEE501FB6994D00F6C38C /* MiniVote */,
			);
		};
/* End PBXProject section */

/* Begin PBXResourcesBuildPhase section */
		6FDBEE4F1FB6994D00F6C38C /* Resources */ = {
			isa = PBXResourcesBuildPhase;
			buildActionMask = 2147483647;
			files = (
				6FDBEE5F1FB6994D00F6C38C /* LaunchScreen.storyboard in Resources */,
				F9BB15161FBAFDF5007064DE /* js.storyboard in Resources */,
				6FDBEE6B1FB69A3000F6C38C /* jungsoo.storyboard in Resources */,
				6FE15DBD1FB69C3F0064FCCB /* ys.storyboard in Resources */,
				6FDBEE5C1FB6994D00F6C38C /* Assets.xcassets in Resources */,
				6FDBEE691FB69A0200F6C38C /* ha.storyboard in Resources */,
			);
			runOnlyForDeploymentPostprocessing = 0;
		};
/* End PBXResourcesBuildPhase section */

/* Begin PBXShellScriptBuildPhase section */
		00141A453385D35C3BBE969A /* [CP] Embed Pods Frameworks */ = {
			isa = PBXShellScriptBuildPhase;
			buildActionMask = 2147483647;
			files = (
			);
			inputPaths = (
				"${SRCROOT}/Pods/Target Support Files/Pods-MiniVote/Pods-MiniVote-frameworks.sh",
				"${BUILT_PRODUCTS_DIR}/Alamofire/Alamofire.framework",
				"${BUILT_PRODUCTS_DIR}/SwiftyJSON/SwiftyJSON.framework",
			);
			name = "[CP] Embed Pods Frameworks";
			outputPaths = (
				"${TARGET_BUILD_DIR}/${FRAMEWORKS_FOLDER_PATH}/Alamofire.framework",
				"${TARGET_BUILD_DIR}/${FRAMEWORKS_FOLDER_PATH}/SwiftyJSON.framework",
			);
			runOnlyForDeploymentPostprocessing = 0;
			shellPath = /bin/sh;
			shellScript = "\"${SRCROOT}/Pods/Target Support Files/Pods-MiniVote/Pods-MiniVote-frameworks.sh\"\n";
			showEnvVarsInLog = 0;
		};
		8CA90E3FF67047AD925CDBD4 /* [CP] Copy Pods Resources */ = {
			isa = PBXShellScriptBuildPhase;
			buildActionMask = 2147483647;
			files = (
			);
			inputPaths = (
			);
			name = "[CP] Copy Pods Resources";
			outputPaths = (
			);
			runOnlyForDeploymentPostprocessing = 0;
			shellPath = /bin/sh;
			shellScript = "\"${SRCROOT}/Pods/Target Support Files/Pods-MiniVote/Pods-MiniVote-resources.sh\"\n";
			showEnvVarsInLog = 0;
		};
		BBBD4C470A4E50B91A55AE5C /* [CP] Check Pods Manifest.lock */ = {
			isa = PBXShellScriptBuildPhase;
			buildActionMask = 2147483647;
			files = (
			);
			inputPaths = (
				"${PODS_PODFILE_DIR_PATH}/Podfile.lock",
				"${PODS_ROOT}/Manifest.lock",
			);
			name = "[CP] Check Pods Manifest.lock";
			outputPaths = (
				"$(DERIVED_FILE_DIR)/Pods-MiniVote-checkManifestLockResult.txt",
			);
			runOnlyForDeploymentPostprocessing = 0;
			shellPath = /bin/sh;
			shellScript = "diff \"${PODS_PODFILE_DIR_PATH}/Podfile.lock\" \"${PODS_ROOT}/Manifest.lock\" > /dev/null\nif [ $? != 0 ] ; then\n    # print error to STDERR\n    echo \"error: The sandbox is not in sync with the Podfile.lock. Run 'pod install' or update your CocoaPods installation.\" >&2\n    exit 1\nfi\n# This output is used by Xcode 'outputs' to avoid re-running this script phase.\necho \"SUCCESS\" > \"${SCRIPT_OUTPUT_FILE_0}\"\n";
			showEnvVarsInLog = 0;
		};
/* End PBXShellScriptBuildPhase section */

/* Begin PBXSourcesBuildPhase section */
		6FDBEE4D1FB6994D00F6C38C /* Sources */ = {
			isa = PBXSourcesBuildPhase;
			buildActionMask = 2147483647;
			files = (
				6FDBEE571FB6994D00F6C38C /* ViewController.swift in Sources */,
				F9BB15181FBAFE02007064DE /* MakeController.swift in Sources */,
				F97C91791FBDA8AB00E1ACFE /* MakeVoteModel.swift in Sources */,
				AC7479901FB6ABE200C04BDE /* MainMasterViewController.swift in Sources */,
				6FE15DBF1FB6A0DA0064FCCB /* VoteResultController.swift in Sources */,
				AC7479921FB6AC4300C04BDE /* MainCellViewControllerTableViewCell.swift in Sources */,
				6FE15DC31FB6A2000064FCCB /* VoteListController.swift in Sources */,
				F975FA0D1FBC571400F7EC41 /* MakeCustomCell.swift in Sources */,
				6FDBEE551FB6994D00F6C38C /* AppDelegate.swift in Sources */,
				6FE15DC11FB6A1390064FCCB /* MakeVoteViewContoller.swift in Sources */,
				AC972BDA1FB6D86900979B4A /* VoteListCell.swift in Sources */,
			);
			runOnlyForDeploymentPostprocessing = 0;
		};
/* End PBXSourcesBuildPhase section */

/* Begin PBXVariantGroup section */
		6FDBEE5D1FB6994D00F6C38C /* LaunchScreen.storyboard */ = {
			isa = PBXVariantGroup;
			children = (
				6FDBEE5E1FB6994D00F6C38C /* Base */,
			);
			name = LaunchScreen.storyboard;
			sourceTree = "<group>";
		};
/* End PBXVariantGroup section */

/* Begin XCBuildConfiguration section */
		6FDBEE611FB6994D00F6C38C /* Debug */ = {
			isa = XCBuildConfiguration;
			buildSettings = {
				ALWAYS_SEARCH_USER_PATHS = NO;
				CLANG_ANALYZER_NONNULL = YES;
				CLANG_ANALYZER_NUMBER_OBJECT_CONVERSION = YES_AGGRESSIVE;
				CLANG_CXX_LANGUAGE_STANDARD = "gnu++14";
				CLANG_CXX_LIBRARY = "libc++";
				CLANG_ENABLE_MODULES = YES;
				CLANG_ENABLE_OBJC_ARC = YES;
				CLANG_WARN_BLOCK_CAPTURE_AUTORELEASING = YES;
				CLANG_WARN_BOOL_CONVERSION = YES;
				CLANG_WARN_COMMA = YES;
				CLANG_WARN_CONSTANT_CONVERSION = YES;
				CLANG_WARN_DIRECT_OBJC_ISA_USAGE = YES_ERROR;
				CLANG_WARN_DOCUMENTATION_COMMENTS = YES;
				CLANG_WARN_EMPTY_BODY = YES;
				CLANG_WARN_ENUM_CONVERSION = YES;
				CLANG_WARN_INFINITE_RECURSION = YES;
				CLANG_WARN_INT_CONVERSION = YES;
				CLANG_WARN_NON_LITERAL_NULL_CONVERSION = YES;
				CLANG_WARN_OBJC_LITERAL_CONVERSION = YES;
				CLANG_WARN_OBJC_ROOT_CLASS = YES_ERROR;
				CLANG_WARN_RANGE_LOOP_ANALYSIS = YES;
				CLANG_WARN_STRICT_PROTOTYPES = YES;
				CLANG_WARN_SUSPICIOUS_MOVE = YES;
				CLANG_WARN_UNGUARDED_AVAILABILITY = YES_AGGRESSIVE;
				CLANG_WARN_UNREACHABLE_CODE = YES;
				CLANG_WARN__DUPLICATE_METHOD_MATCH = YES;
				CODE_SIGN_IDENTITY = "iPhone Developer";
				COPY_PHASE_STRIP = NO;
				DEBUG_INFORMATION_FORMAT = dwarf;
				ENABLE_STRICT_OBJC_MSGSEND = YES;
				ENABLE_TESTABILITY = YES;
				GCC_C_LANGUAGE_STANDARD = gnu11;
				GCC_DYNAMIC_NO_PIC = NO;
				GCC_NO_COMMON_BLOCKS = YES;
				GCC_OPTIMIZATION_LEVEL = 0;
				GCC_PREPROCESSOR_DEFINITIONS = (
					"DEBUG=1",
					"$(inherited)",
				);
				GCC_WARN_64_TO_32_BIT_CONVERSION = YES;
				GCC_WARN_ABOUT_RETURN_TYPE = YES_ERROR;
				GCC_WARN_UNDECLARED_SELECTOR = YES;
				GCC_WARN_UNINITIALIZED_AUTOS = YES_AGGRESSIVE;
				GCC_WARN_UNUSED_FUNCTION = YES;
				GCC_WARN_UNUSED_VARIABLE = YES;
				IPHONEOS_DEPLOYMENT_TARGET = 11.1;
				MTL_ENABLE_DEBUG_INFO = YES;
				ONLY_ACTIVE_ARCH = YES;
				SDKROOT = iphoneos;
				SWIFT_ACTIVE_COMPILATION_CONDITIONS = DEBUG;
				SWIFT_OPTIMIZATION_LEVEL = "-Onone";
			};
			name = Debug;
		};
		6FDBEE621FB6994D00F6C38C /* Release */ = {
			isa = XCBuildConfiguration;
			buildSettings = {
				ALWAYS_SEARCH_USER_PATHS = NO;
				CLANG_ANALYZER_NONNULL = YES;
				CLANG_ANALYZER_NUMBER_OBJECT_CONVERSION = YES_AGGRESSIVE;
				CLANG_CXX_LANGUAGE_STANDARD = "gnu++14";
				CLANG_CXX_LIBRARY = "libc++";
				CLANG_ENABLE_MODULES = YES;
				CLANG_ENABLE_OBJC_ARC = YES;
				CLANG_WARN_BLOCK_CAPTURE_AUTORELEASING = YES;
				CLANG_WARN_BOOL_CONVERSION = YES;
				CLANG_WARN_COMMA = YES;
				CLANG_WARN_CONSTANT_CONVERSION = YES;
				CLANG_WARN_DIRECT_OBJC_ISA_USAGE = YES_ERROR;
				CLANG_WARN_DOCUMENTATION_COMMENTS = YES;
				CLANG_WARN_EMPTY_BODY = YES;
				CLANG_WARN_ENUM_CONVERSION = YES;
				CLANG_WARN_INFINITE_RECURSION = YES;
				CLANG_WARN_INT_CONVERSION = YES;
				CLANG_WARN_NON_LITERAL_NULL_CONVERSION = YES;
				CLANG_WARN_OBJC_LITERAL_CONVERSION = YES;
				CLANG_WARN_OBJC_ROOT_CLASS = YES_ERROR;
				CLANG_WARN_RANGE_LOOP_ANALYSIS = YES;
				CLANG_WARN_STRICT_PROTOTYPES = YES;
				CLANG_WARN_SUSPICIOUS_MOVE = YES;
				CLANG_WARN_UNGUARDED_AVAILABILITY = YES_AGGRESSIVE;
				CLANG_WARN_UNREACHABLE_CODE = YES;
				CLANG_WARN__DUPLICATE_METHOD_MATCH = YES;
				CODE_SIGN_IDENTITY = "iPhone Developer";
				COPY_PHASE_STRIP = NO;
				DEBUG_INFORMATION_FORMAT = "dwarf-with-dsym";
				ENABLE_NS_ASSERTIONS = NO;
				ENABLE_STRICT_OBJC_MSGSEND = YES;
				GCC_C_LANGUAGE_STANDARD = gnu11;
				GCC_NO_COMMON_BLOCKS = YES;
				GCC_WARN_64_TO_32_BIT_CONVERSION = YES;
				GCC_WARN_ABOUT_RETURN_TYPE = YES_ERROR;
				GCC_WARN_UNDECLARED_SELECTOR = YES;
				GCC_WARN_UNINITIALIZED_AUTOS = YES_AGGRESSIVE;
				GCC_WARN_UNUSED_FUNCTION = YES;
				GCC_WARN_UNUSED_VARIABLE = YES;
				IPHONEOS_DEPLOYMENT_TARGET = 11.1;
				MTL_ENABLE_DEBUG_INFO = NO;
				SDKROOT = iphoneos;
				SWIFT_OPTIMIZATION_LEVEL = "-Owholemodule";
				VALIDATE_PRODUCT = YES;
			};
			name = Release;
		};
		6FDBEE641FB6994D00F6C38C /* Debug */ = {
			isa = XCBuildConfiguration;
			baseConfigurationReference = F68BFD4FADBE4A96B5FD0A60 /* Pods-MiniVote.debug.xcconfig */;
			buildSettings = {
				ASSETCATALOG_COMPILER_APPICON_NAME = AppIcon;
				CODE_SIGN_STYLE = Automatic;
				DEVELOPMENT_TEAM = 524TVTU6B9;
				INFOPLIST_FILE = MiniVote/Info.plist;
				LD_RUNPATH_SEARCH_PATHS = "$(inherited) @executable_path/Frameworks";
				PRODUCT_BUNDLE_IDENTIFIER = com.hys.developer.MiniVote;
				PRODUCT_NAME = "$(TARGET_NAME)";
				SWIFT_VERSION = 4.0;
				TARGETED_DEVICE_FAMILY = "1,2";
			};
			name = Debug;
		};
		6FDBEE651FB6994D00F6C38C /* Release */ = {
			isa = XCBuildConfiguration;
			baseConfigurationReference = 2C84871AF709733B5C79514D /* Pods-MiniVote.release.xcconfig */;
			buildSettings = {
				ASSETCATALOG_COMPILER_APPICON_NAME = AppIcon;
				CODE_SIGN_STYLE = Automatic;
				DEVELOPMENT_TEAM = 524TVTU6B9;
				INFOPLIST_FILE = MiniVote/Info.plist;
				LD_RUNPATH_SEARCH_PATHS = "$(inherited) @executable_path/Frameworks";
				PRODUCT_BUNDLE_IDENTIFIER = com.hys.developer.MiniVote;
				PRODUCT_NAME = "$(TARGET_NAME)";
				SWIFT_VERSION = 4.0;
				TARGETED_DEVICE_FAMILY = "1,2";
			};
			name = Release;
		};
/* End XCBuildConfiguration section */

/* Begin XCConfigurationList section */
		6FDBEE4C1FB6994C00F6C38C /* Build configuration list for PBXProject "MiniVote" */ = {
			isa = XCConfigurationList;
			buildConfigurations = (
				6FDBEE611FB6994D00F6C38C /* Debug */,
				6FDBEE621FB6994D00F6C38C /* Release */,
			);
			defaultConfigurationIsVisible = 0;
			defaultConfigurationName = Release;
		};
		6FDBEE631FB6994D00F6C38C /* Build configuration list for PBXNativeTarget "MiniVote" */ = {
			isa = XCConfigurationList;
			buildConfigurations = (
				6FDBEE641FB6994D00F6C38C /* Debug */,
				6FDBEE651FB6994D00F6C38C /* Release */,
			);
			defaultConfigurationIsVisible = 0;
			defaultConfigurationName = Release;
		};
/* End XCConfigurationList section */
	};
	rootObject = 6FDBEE491FB6994C00F6C38C /* Project object */;
}
